
Microsoft Visual Studio Solution File, Format Version 12.00
# Visual Studio Version 17
VisualStudioVersion = 17.3.32929.385
MinimumVisualStudioVersion = 10.0.40219.1
Project("{FAE04EC0-301F-11D3-BF4B-00C04F79EFBC}") = "SimpleRobotsWebApi", "SimpleRobotsWebApi\SimpleRobotsWebApi.csproj", "{DE1507F6-2FE5-49D3-AFF9-C4EAB5E8DC1A}"
EndProject
Global
	GlobalSection(SolutionConfigurationPlatforms) = preSolution
		Debug|Any CPU = Debug|Any CPU
		Release|Any CPU = Release|Any CPU
	EndGlobalSection
	GlobalSection(ProjectConfigurationPlatforms) = postSolution
		{DE1507F6-2FE5-49D3-AFF9-C4EAB5E8DC1A}.Debug|Any CPU.ActiveCfg = Debug|Any CPU
		{DE1507F6-2FE5-49D3-AFF9-C4EAB5E8DC1A}.Debug|Any CPU.Build.0 = Debug|Any CPU
		{DE1507F6-2FE5-49D3-AFF9-C4EAB5E8DC1A}.Release|Any CPU.ActiveCfg = Release|Any CPU
		{DE1507F6-2FE5-49D3-AFF9-C4EAB5E8DC1A}.Release|Any CPU.Build.0 = Release|Any CPU
	EndGlobalSection
	GlobalSection(SolutionProperties) = preSolution
		HideSolutionNode = FALSE
	EndGlobalSection
	GlobalSection(ExtensibilityGlobals) = postSolution
		SolutionGuid = {16C07F6C-A531-4D66-83FC-F3C8F1012E51}
	EndGlobalSection
EndGlobal
